
Microsoft Visual Studio Solution File, Format Version 12.00
# Visual Studio Version 17
VisualStudioVersion = 17.9.34622.214
MinimumVisualStudioVersion = 10.0.40219.1
Project("{FAE04EC0-301F-11D3-BF4B-00C04F79EFBC}") = "TestPart", "TestPart\TestPart.csproj", "{B7B228AB-620C-49A7-A7EA-785CE498B298}"
EndProject
Global
	GlobalSection(SolutionConfigurationPlatforms) = preSolution
		Debug|Any CPU = Debug|Any CPU
		Release|Any CPU = Release|Any CPU
	EndGlobalSection
	GlobalSection(ProjectConfigurationPlatforms) = postSolution
		{B7B228AB-620C-49A7-A7EA-785CE498B298}.Debug|Any CPU.ActiveCfg = Debug|Any CPU
		{B7B228AB-620C-49A7-A7EA-785CE498B298}.Debug|Any CPU.Build.0 = Debug|Any CPU
		{B7B228AB-620C-49A7-A7EA-785CE498B298}.Release|Any CPU.ActiveCfg = Release|Any CPU
		{B7B228AB-620C-49A7-A7EA-785CE498B298}.Release|Any CPU.Build.0 = Release|Any CPU
	EndGlobalSection
	GlobalSection(SolutionProperties) = preSolution
		HideSolutionNode = FALSE
	EndGlobalSection
	GlobalSection(ExtensibilityGlobals) = postSolution
		SolutionGuid = {A205CB5E-5B7E-4534-8EA9-1979AF171A60}
	EndGlobalSection
EndGlobal
